
Microsoft Visual Studio Solution File, Format Version 12.00
# Visual Studio 15
VisualStudioVersion = 15.0.28010.0
MinimumVisualStudioVersion = 10.0.40219.1
Project("{FAE04EC0-301F-11D3-BF4B-00C04F79EFBC}") = "DotnetCoreSpa", "DotnetCoreSpa\DotnetCoreSpa.csproj", "{9F213041-0717-43ED-895B-3FF5AD0BEABC}"
EndProject
Global
	GlobalSection(SolutionConfigurationPlatforms) = preSolution
		Debug|Any CPU = Debug|Any CPU
		Release|Any CPU = Release|Any CPU
	EndGlobalSection
	GlobalSection(ProjectConfigurationPlatforms) = postSolution
		{9F213041-0717-43ED-895B-3FF5AD0BEABC}.Debug|Any CPU.ActiveCfg = Debug|Any CPU
		{9F213041-0717-43ED-895B-3FF5AD0BEABC}.Debug|Any CPU.Build.0 = Debug|Any CPU
		{9F213041-0717-43ED-895B-3FF5AD0BEABC}.Release|Any CPU.ActiveCfg = Release|Any CPU
		{9F213041-0717-43ED-895B-3FF5AD0BEABC}.Release|Any CPU.Build.0 = Release|Any CPU
	EndGlobalSection
	GlobalSection(SolutionProperties) = preSolution
		HideSolutionNode = FALSE
	EndGlobalSection
	GlobalSection(ExtensibilityGlobals) = postSolution
		SolutionGuid = {3AF291B5-7B9C-487B-8D80-9FE7902AFF61}
	EndGlobalSection
EndGlobal
